
Microsoft Visual Studio Solution File, Format Version 12.00
# Visual Studio Version 16
VisualStudioVersion = 16.0.31702.278
MinimumVisualStudioVersion = 10.0.40219.1
Project("{FAE04EC0-301F-11D3-BF4B-00C04F79EFBC}") = "LoginEkrani", "LoginEkrani\LoginEkrani.csproj", "{4ED718E5-6C5A-491D-8C6F-F40E97CECD09}"
EndProject
Global
	GlobalSection(SolutionConfigurationPlatforms) = preSolution
		Debug|Any CPU = Debug|Any CPU
		Release|Any CPU = Release|Any CPU
	EndGlobalSection
	GlobalSection(ProjectConfigurationPlatforms) = postSolution
		{4ED718E5-6C5A-491D-8C6F-F40E97CECD09}.Debug|Any CPU.ActiveCfg = Debug|Any CPU
		{4ED718E5-6C5A-491D-8C6F-F40E97CECD09}.Debug|Any CPU.Build.0 = Debug|Any CPU
		{4ED718E5-6C5A-491D-8C6F-F40E97CECD09}.Release|Any CPU.ActiveCfg = Release|Any CPU
		{4ED718E5-6C5A-491D-8C6F-F40E97CECD09}.Release|Any CPU.Build.0 = Release|Any CPU
	EndGlobalSection
	GlobalSection(SolutionProperties) = preSolution
		HideSolutionNode = FALSE
	EndGlobalSection
	GlobalSection(ExtensibilityGlobals) = postSolution
		SolutionGuid = {4E321A3A-1D5A-4956-948C-4F1959EB71CA}
	EndGlobalSection
EndGlobal
